
Microsoft Visual Studio Solution File, Format Version 12.00
# Visual Studio Version 16
VisualStudioVersion = 16.0.31112.23
MinimumVisualStudioVersion = 10.0.40219.1
Project("{FAE04EC0-301F-11D3-BF4B-00C04F79EFBC}") = "CpaRepository", "CpaRepository\CpaRepository.csproj", "{A0E3E24B-ABD1-48F9-84BB-1C6F5D50915C}"
EndProject
Global
	GlobalSection(SolutionConfigurationPlatforms) = preSolution
		Debug|Any CPU = Debug|Any CPU
		Release|Any CPU = Release|Any CPU
	EndGlobalSection
	GlobalSection(ProjectConfigurationPlatforms) = postSolution
		{A0E3E24B-ABD1-48F9-84BB-1C6F5D50915C}.Debug|Any CPU.ActiveCfg = Debug|Any CPU
		{A0E3E24B-ABD1-48F9-84BB-1C6F5D50915C}.Debug|Any CPU.Build.0 = Debug|Any CPU
		{A0E3E24B-ABD1-48F9-84BB-1C6F5D50915C}.Release|Any CPU.ActiveCfg = Release|Any CPU
		{A0E3E24B-ABD1-48F9-84BB-1C6F5D50915C}.Release|Any CPU.Build.0 = Release|Any CPU
	EndGlobalSection
	GlobalSection(SolutionProperties) = preSolution
		HideSolutionNode = FALSE
	EndGlobalSection
	GlobalSection(ExtensibilityGlobals) = postSolution
		SolutionGuid = {236D319B-49BA-4859-AA75-5FB085020A51}
	EndGlobalSection
EndGlobal
